// !$*UTF8*$!
{
	archiveVersion = 1;
	classes = {
	};
	objectVersion = 55;
	objects = {

/* Begin PBXBuildFile section */
		383EC89527F1DA3500219FCB /* AddAlertViewController.swift in Sources */ = {isa = PBXBuildFile; fileRef = 383EC89427F1DA3500219FCB /* AddAlertViewController.swift */; };
		384B479A27F06CEA005A522F /* AppDelegate.swift in Sources */ = {isa = PBXBuildFile; fileRef = 384B479927F06CEA005A522F /* AppDelegate.swift */; };
		384B479C27F06CEA005A522F /* SceneDelegate.swift in Sources */ = {isa = PBXBuildFile; fileRef = 384B479B27F06CEA005A522F /* SceneDelegate.swift */; };
		384B47A127F06CEA005A522F /* Main.storyboard in Resources */ = {isa = PBXBuildFile; fileRef = 384B479F27F06CEA005A522F /* Main.storyboard */; };
		384B47A327F06CEC005A522F /* Assets.xcassets in Resources */ = {isa = PBXBuildFile; fileRef = 384B47A227F06CEC005A522F /* Assets.xcassets */; };
		384B47A627F06CEC005A522F /* LaunchScreen.storyboard in Resources */ = {isa = PBXBuildFile; fileRef = 384B47A427F06CEC005A522F /* LaunchScreen.storyboard */; };
		384B47AE27F06D14005A522F /* AlertLIstViewController.swift in Sources */ = {isa = PBXBuildFile; fileRef = 384B47AD27F06D14005A522F /* AlertLIstViewController.swift */; };
		384B47B127F06E3D005A522F /* AlertListCell.swift in Sources */ = {isa = PBXBuildFile; fileRef = 384B47AF27F06E3D005A522F /* AlertListCell.swift */; };
		384B47B227F06E3D005A522F /* AlertListCell.xib in Resources */ = {isa = PBXBuildFile; fileRef = 384B47B027F06E3D005A522F /* AlertListCell.xib */; };
		38BE60AA27F0748E0075AC0D /* Alert.swift in Sources */ = {isa = PBXBuildFile; fileRef = 38BE60A927F0748E0075AC0D /* Alert.swift */; };
		38D3A09627F1E9D3007200A0 /* UNNotificationCenter.swift in Sources */ = {isa = PBXBuildFile; fileRef = 38D3A09527F1E9D3007200A0 /* UNNotificationCenter.swift */; };
/* End PBXBuildFile section */

/* Begin PBXFileReference section */
		383EC89427F1DA3500219FCB /* AddAlertViewController.swift */ = {isa = PBXFileReference; lastKnownFileType = sourcecode.swift; path = AddAlertViewController.swift; sourceTree = "<group>"; };
		384B479627F06CEA005A522F /* Drink.app */ = {isa = PBXFileReference; explicitFileType = wrapper.application; includeInIndex = 0; path = Drink.app; sourceTree = BUILT_PRODUCTS_DIR; };
		384B479927F06CEA005A522F /* AppDelegate.swift */ = {isa = PBXFileReference; lastKnownFileType = sourcecode.swift; path = AppDelegate.swift; sourceTree = "<group>"; };
		384B479B27F06CEA005A522F /* SceneDelegate.swift */ = {isa = PBXFileReference; lastKnownFileType = sourcecode.swift; path = SceneDelegate.swift; sourceTree = "<group>"; };
		384B47A027F06CEA005A522F /* Base */ = {isa = PBXFileReference; lastKnownFileType = file.storyboard; name = Base; path = Base.lproj/Main.storyboard; sourceTree = "<group>"; };
		384B47A227F06CEC005A522F /* Assets.xcassets */ = {isa = PBXFileReference; lastKnownFileType = folder.assetcatalog; path = Assets.xcassets; sourceTree = "<group>"; };
		384B47A527F06CEC005A522F /* Base */ = {isa = PBXFileReference; lastKnownFileType = file.storyboard; name = Base; path = Base.lproj/LaunchScreen.storyboard; sourceTree = "<group>"; };
		384B47A727F06CEC005A522F /* Info.plist */ = {isa = PBXFileReference; lastKnownFileType = text.plist.xml; path = Info.plist; sourceTree = "<group>"; };
		384B47AD27F06D14005A522F /* AlertLIstViewController.swift */ = {isa = PBXFileReference; lastKnownFileType = sourcecode.swift; path = AlertLIstViewController.swift; sourceTree = "<group>"; };
		384B47AF27F06E3D005A522F /* AlertListCell.swift */ = {isa = PBXFileReference; lastKnownFileType = sourcecode.swift; path = AlertListCell.swift; sourceTree = "<group>"; };
		384B47B027F06E3D005A522F /* AlertListCell.xib */ = {isa = PBXFileReference; lastKnownFileType = file.xib; path = AlertListCell.xib; sourceTree = "<group>"; };
		38BE60A927F0748E0075AC0D /* Alert.swift */ = {isa = PBXFileReference; lastKnownFileType = sourcecode.swift; path = Alert.swift; sourceTree = "<group>"; };
		38D3A09527F1E9D3007200A0 /* UNNotificationCenter.swift */ = {isa = PBXFileReference; lastKnownFileType = sourcecode.swift; path = UNNotificationCenter.swift; sourceTree = "<group>"; };
/* End PBXFileReference section */

/* Begin PBXFrameworksBuildPhase section */
		384B479327F06CEA005A522F /* Frameworks */ = {
			isa = PBXFrameworksBuildPhase;
			buildActionMask = 2147483647;
			files = (
			);
			runOnlyForDeploymentPostprocessing = 0;
		};
/* End PBXFrameworksBuildPhase section */

/* Begin PBXGroup section */
		384B478D27F06CEA005A522F = {
			isa = PBXGroup;
			children = (
				384B479827F06CEA005A522F /* Drink */,
				384B479727F06CEA005A522F /* Products */,
			);
			sourceTree = "<group>";
		};
		384B479727F06CEA005A522F /* Products */ = {
			isa = PBXGroup;
			children = (
				384B479627F06CEA005A522F /* Drink.app */,
			);
			name = Products;
			sourceTree = "<group>";
		};
		384B479827F06CEA005A522F /* Drink */ = {
			isa = PBXGroup;
			children = (
				384B479927F06CEA005A522F /* AppDelegate.swift */,
				384B479B27F06CEA005A522F /* SceneDelegate.swift */,
				384B479F27F06CEA005A522F /* Main.storyboard */,
				384B47AD27F06D14005A522F /* AlertLIstViewController.swift */,
				383EC89427F1DA3500219FCB /* AddAlertViewController.swift */,
				38D3A09527F1E9D3007200A0 /* UNNotificationCenter.swift */,
				38BE60A927F0748E0075AC0D /* Alert.swift */,
				384B47A227F06CEC005A522F /* Assets.xcassets */,
				384B47A427F06CEC005A522F /* LaunchScreen.storyboard */,
				384B47A727F06CEC005A522F /* Info.plist */,
				384B47AF27F06E3D005A522F /* AlertListCell.swift */,
				384B47B027F06E3D005A522F /* AlertListCell.xib */,
			);
			path = Drink;
			sourceTree = "<group>";
		};
/* End PBXGroup section */

/* Begin PBXNativeTarget section */
		384B479527F06CEA005A522F /* Drink */ = {
			isa = PBXNativeTarget;
			buildConfigurationList = 384B47AA27F06CEC005A522F /* Build configuration list for PBXNativeTarget "Drink" */;
			buildPhases = (
				384B479227F06CEA005A522F /* Sources */,
				384B479327F06CEA005A522F /* Frameworks */,
				384B479427F06CEA005A522F /* Resources */,
			);
			buildRules = (
			);
			dependencies = (
			);
			name = Drink;
			productName = Drink;
			productReference = 384B479627F06CEA005A522F /* Drink.app */;
			productType = "com.apple.product-type.application";
		};
/* End PBXNativeTarget section */

/* Begin PBXProject section */
		384B478E27F06CEA005A522F /* Project object */ = {
			isa = PBXProject;
			attributes = {
				BuildIndependentTargetsInParallel = 1;
				LastSwiftUpdateCheck = 1330;
				LastUpgradeCheck = 1330;
				TargetAttributes = {
					384B479527F06CEA005A522F = {
						CreatedOnToolsVersion = 13.3;
					};
				};
			};
			buildConfigurationList = 384B479127F06CEA005A522F /* Build configuration list for PBXProject "Drink" */;
			compatibilityVersion = "Xcode 13.0";
			developmentRegion = en;
			hasScannedForEncodings = 0;
			knownRegions = (
				en,
				Base,
			);
			mainGroup = 384B478D27F06CEA005A522F;
			productRefGroup = 384B479727F06CEA005A522F /* Products */;
			projectDirPath = "";
			projectRoot = "";
			targets = (
				384B479527F06CEA005A522F /* Drink */,
			);
		};
/* End PBXProject section */

/* Begin PBXResourcesBuildPhase section */
		384B479427F06CEA005A522F /* Resources */ = {
			isa = PBXResourcesBuildPhase;
			buildActionMask = 2147483647;
			files = (
				384B47A627F06CEC005A522F /* LaunchScreen.storyboard in Resources */,
				384B47A327F06CEC005A522F /* Assets.xcassets in Resources */,
				384B47B227F06E3D005A522F /* AlertListCell.xib in Resources */,
				384B47A127F06CEA005A522F /* Main.storyboard in Resources */,
			);
			runOnlyForDeploymentPostprocessing = 0;
		};
/* End PBXResourcesBuildPhase section */

/* Begin PBXSourcesBuildPhase section */
		384B479227F06CEA005A522F /* Sources */ = {
			isa = PBXSourcesBuildPhase;
			buildActionMask = 2147483647;
			files = (
				384B479A27F06CEA005A522F /* AppDelegate.swift in Sources */,
				384B479C27F06CEA005A522F /* SceneDelegate.swift in Sources */,
				384B47B127F06E3D005A522F /* AlertListCell.swift in Sources */,
				38BE60AA27F0748E0075AC0D /* Alert.swift in Sources */,
				384B47AE27F06D14005A522F /* AlertLIstViewController.swift in Sources */,
				38D3A09627F1E9D3007200A0 /* UNNotificationCenter.swift in Sources */,
				383EC89527F1DA3500219FCB /* AddAlertViewController.swift in Sources */,
			);
			runOnlyForDeploymentPostprocessing = 0;
		};
/* End PBXSourcesBuildPhase section */

/* Begin PBXVariantGroup section */
		384B479F27F06CEA005A522F /* Main.storyboard */ = {
			isa = PBXVariantGroup;
			children = (
				384B47A027F06CEA005A522F /* Base */,
			);
			name = Main.storyboard;
			sourceTree = "<group>";
		};
		384B47A427F06CEC005A522F /* LaunchScreen.storyboard */ = {
			isa = PBXVariantGroup;
			children = (
				384B47A527F06CEC005A522F /* Base */,
			);
			name = LaunchScreen.storyboard;
			sourceTree = "<group>";
		};
/* End PBXVariantGroup section */

/* Begin XCBuildConfiguration section */
		384B47A827F06CEC005A522F /* Debug */ = {
			isa = XCBuildConfiguration;
			buildSettings = {
				ALWAYS_SEARCH_USER_PATHS = NO;
				CLANG_ANALYZER_NONNULL = YES;
				CLANG_ANALYZER_NUMBER_OBJECT_CONVERSION = YES_AGGRESSIVE;
				CLANG_CXX_LANGUAGE_STANDARD = "gnu++17";
				CLANG_ENABLE_MODULES = YES;
				CLANG_ENABLE_OBJC_ARC = YES;
				CLANG_ENABLE_OBJC_WEAK = YES;
				CLANG_WARN_BLOCK_CAPTURE_AUTORELEASING = YES;
				CLANG_WARN_BOOL_CONVERSION = YES;
				CLANG_WARN_COMMA = YES;
				CLANG_WARN_CONSTANT_CONVERSION = YES;
				CLANG_WARN_DEPRECATED_OBJC_IMPLEMENTATIONS = YES;
				CLANG_WARN_DIRECT_OBJC_ISA_USAGE = YES_ERROR;
				CLANG_WARN_DOCUMENTATION_COMMENTS = YES;
				CLANG_WARN_EMPTY_BODY = YES;
				CLANG_WARN_ENUM_CONVERSION = YES;
				CLANG_WARN_INFINITE_RECURSION = YES;
				CLANG_WARN_INT_CONVERSION = YES;
				CLANG_WARN_NON_LITERAL_NULL_CONVERSION = YES;
				CLANG_WARN_OBJC_IMPLICIT_RETAIN_SELF = YES;
				CLANG_WARN_OBJC_LITERAL_CONVERSION = YES;
				CLANG_WARN_OBJC_ROOT_CLASS = YES_ERROR;
				CLANG_WARN_QUOTED_INCLUDE_IN_FRAMEWORK_HEADER = YES;
				CLANG_WARN_RANGE_LOOP_ANALYSIS = YES;
				CLANG_WARN_STRICT_PROTOTYPES = YES;
				CLANG_WARN_SUSPICIOUS_MOVE = YES;
				CLANG_WARN_UNGUARDED_AVAILABILITY = YES_AGGRESSIVE;
				CLANG_WARN_UNREACHABLE_CODE = YES;
				CLANG_WARN__DUPLICATE_METHOD_MATCH = YES;
				COPY_PHASE_STRIP = NO;
				DEBUG_INFORMATION_FORMAT = dwarf;
				ENABLE_STRICT_OBJC_MSGSEND = YES;
				ENABLE_TESTABILITY = YES;
				GCC_C_LANGUAGE_STANDARD = gnu11;
				GCC_DYNAMIC_NO_PIC = NO;
				GCC_NO_COMMON_BLOCKS = YES;
				GCC_OPTIMIZATION_LEVEL = 0;
				GCC_PREPROCESSOR_DEFINITIONS = (
					"DEBUG=1",
					"$(inherited)",
				);
				GCC_WARN_64_TO_32_BIT_CONVERSION = YES;
				GCC_WARN_ABOUT_RETURN_TYPE = YES_ERROR;
				GCC_WARN_UNDECLARED_SELECTOR = YES;
				GCC_WARN_UNINITIALIZED_AUTOS = YES_AGGRESSIVE;
				GCC_WARN_UNUSED_FUNCTION = YES;
				GCC_WARN_UNUSED_VARIABLE = YES;
				IPHONEOS_DEPLOYMENT_TARGET = 15.4;
				MTL_ENABLE_DEBUG_INFO = INCLUDE_SOURCE;
				MTL_FAST_MATH = YES;
				ONLY_ACTIVE_ARCH = YES;
				SDKROOT = iphoneos;
				SWIFT_ACTIVE_COMPILATION_CONDITIONS = DEBUG;
				SWIFT_OPTIMIZATION_LEVEL = "-Onone";
			};
			name = Debug;
		};
		384B47A927F06CEC005A522F /* Release */ = {
			isa = XCBuildConfiguration;
			buildSettings = {
				ALWAYS_SEARCH_USER_PATHS = NO;
				CLANG_ANALYZER_NONNULL = YES;
				CLANG_ANALYZER_NUMBER_OBJECT_CONVERSION = YES_AGGRESSIVE;
				CLANG_CXX_LANGUAGE_STANDARD = "gnu++17";
				CLANG_ENABLE_MODULES = YES;
				CLANG_ENABLE_OBJC_ARC = YES;
				CLANG_ENABLE_OBJC_WEAK = YES;
				CLANG_WARN_BLOCK_CAPTURE_AUTORELEASING = YES;
				CLANG_WARN_BOOL_CONVERSION = YES;
				CLANG_WARN_COMMA = YES;
				CLANG_WARN_CONSTANT_CONVERSION = YES;
				CLANG_WARN_DEPRECATED_OBJC_IMPLEMENTATIONS = YES;
				CLANG_WARN_DIRECT_OBJC_ISA_USAGE = YES_ERROR;
				CLANG_WARN_DOCUMENTATION_COMMENTS = YES;
				CLANG_WARN_EMPTY_BODY = YES;
				CLANG_WARN_ENUM_CONVERSION = YES;
				CLANG_WARN_INFINITE_RECURSION = YES;
				CLANG_WARN_INT_CONVERSION = YES;
				CLANG_WARN_NON_LITERAL_NULL_CONVERSION = YES;
				CLANG_WARN_OBJC_IMPLICIT_RETAIN_SELF = YES;
				CLANG_WARN_OBJC_LITERAL_CONVERSION = YES;
				CLANG_WARN_OBJC_ROOT_CLASS = YES_ERROR;
				CLANG_WARN_QUOTED_INCLUDE_IN_FRAMEWORK_HEADER = YES;
				CLANG_WARN_RANGE_LOOP_ANALYSIS = YES;
				CLANG_WARN_STRICT_PROTOTYPES = YES;
				CLANG_WARN_SUSPICIOUS_MOVE = YES;
				CLANG_WARN_UNGUARDED_AVAILABILITY = YES_AGGRESSIVE;
				CLANG_WARN_UNREACHABLE_CODE = YES;
				CLANG_WARN__DUPLICATE_METHOD_MATCH = YES;
				COPY_PHASE_STRIP = NO;
				DEBUG_INFORMATION_FORMAT = "dwarf-with-dsym";
				ENABLE_NS_ASSERTIONS = NO;
				ENABLE_STRICT_OBJC_MSGSEND = YES;
				GCC_C_LANGUAGE_STANDARD = gnu11;
				GCC_NO_COMMON_BLOCKS = YES;
				GCC_WARN_64_TO_32_BIT_CONVERSION = YES;
				GCC_WARN_ABOUT_RETURN_TYPE = YES_ERROR;
				GCC_WARN_UNDECLARED_SELECTOR = YES;
				GCC_WARN_UNINITIALIZED_AUTOS = YES_AGGRESSIVE;
				GCC_WARN_UNUSED_FUNCTION = YES;
				GCC_WARN_UNUSED_VARIABLE = YES;
				IPHONEOS_DEPLOYMENT_TARGET = 15.4;
				MTL_ENABLE_DEBUG_INFO = NO;
				MTL_FAST_MATH = YES;
				SDKROOT = iphoneos;
				SWIFT_COMPILATION_MODE = wholemodule;
				SWIFT_OPTIMIZATION_LEVEL = "-O";
				VALIDATE_PRODUCT = YES;
			};
			name = Release;
		};
		384B47AB27F06CEC005A522F /* Debug */ = {
			isa = XCBuildConfiguration;
			buildSettings = {
				ASSETCATALOG_COMPILER_APPICON_NAME = AppIcon;
				ASSETCATALOG_COMPILER_GLOBAL_ACCENT_COLOR_NAME = AccentColor;
				CODE_SIGN_STYLE = Automatic;
				CURRENT_PROJECT_VERSION = 1;
				DEVELOPMENT_TEAM = 85497UUDUF;
				GENERATE_INFOPLIST_FILE = YES;
				INFOPLIST_FILE = Drink/Info.plist;
				INFOPLIST_KEY_UIApplicationSupportsIndirectInputEvents = YES;
				INFOPLIST_KEY_UILaunchStoryboardName = LaunchScreen;
				INFOPLIST_KEY_UIMainStoryboardFile = Main;
				INFOPLIST_KEY_UISupportedInterfaceOrientations_iPad = "UIInterfaceOrientationPortrait UIInterfaceOrientationPortraitUpsideDown UIInterfaceOrientationLandscapeLeft UIInterfaceOrientationLandscapeRight";
				INFOPLIST_KEY_UISupportedInterfaceOrientations_iPhone = "UIInterfaceOrientationPortrait UIInterfaceOrientationLandscapeLeft UIInterfaceOrientationLandscapeRight";
				LD_RUNPATH_SEARCH_PATHS = (
					"$(inherited)",
					"@executable_path/Frameworks",
				);
				MARKETING_VERSION = 1.0;
				PRODUCT_BUNDLE_IDENTIFIER = koo.Drink;
				PRODUCT_NAME = "$(TARGET_NAME)";
				SWIFT_EMIT_LOC_STRINGS = YES;
				SWIFT_VERSION = 5.0;
				TARGETED_DEVICE_FAMILY = "1,2";
			};
			name = Debug;
		};
		384B47AC27F06CEC005A522F /* Release */ = {
			isa = XCBuildConfiguration;
			buildSettings = {
				ASSETCATALOG_COMPILER_APPICON_NAME = AppIcon;
				ASSETCATALOG_COMPILER_GLOBAL_ACCENT_COLOR_NAME = AccentColor;
				CODE_SIGN_STYLE = Automatic;
				CURRENT_PROJECT_VERSION = 1;
				DEVELOPMENT_TEAM = 85497UUDUF;
				GENERATE_INFOPLIST_FILE = YES;
				INFOPLIST_FILE = Drink/Info.plist;
				INFOPLIST_KEY_UIApplicationSupportsIndirectInputEvents = YES;
				INFOPLIST_KEY_UILaunchStoryboardName = LaunchScreen;
				INFOPLIST_KEY_UIMainStoryboardFile = Main;
				INFOPLIST_KEY_UISupportedInterfaceOrientations_iPad = "UIInterfaceOrientationPortrait UIInterfaceOrientationPortraitUpsideDown UIInterfaceOrientationLandscapeLeft UIInterfaceOrientationLandscapeRight";
				INFOPLIST_KEY_UISupportedInterfaceOrientations_iPhone = "UIInterfaceOrientationPortrait UIInterfaceOrientationLandscapeLeft UIInterfaceOrientationLandscapeRight";
				LD_RUNPATH_SEARCH_PATHS = (
					"$(inherited)",
					"@executable_path/Frameworks",
				);
				MARKETING_VERSION = 1.0;
				PRODUCT_BUNDLE_IDENTIFIER = koo.Drink;
				PRODUCT_NAME = "$(TARGET_NAME)";
				SWIFT_EMIT_LOC_STRINGS = YES;
				SWIFT_VERSION = 5.0;
				TARGETED_DEVICE_FAMILY = "1,2";
			};
			name = Release;
		};
/* End XCBuildConfiguration section */

/* Begin XCConfigurationList section */
		384B479127F06CEA005A522F /* Build configuration list for PBXProject "Drink" */ = {
			isa = XCConfigurationList;
			buildConfigurations = (
				384B47A827F06CEC005A522F /* Debug */,
				384B47A927F06CEC005A522F /* Release */,
			);
			defaultConfigurationIsVisible = 0;
			defaultConfigurationName = Release;
		};
		384B47AA27F06CEC005A522F /* Build configuration list for PBXNativeTarget "Drink" */ = {
			isa = XCConfigurationList;
			buildConfigurations = (
				384B47AB27F06CEC005A522F /* Debug */,
				384B47AC27F06CEC005A522F /* Release */,
			);
			defaultConfigurationIsVisible = 0;
			defaultConfigurationName = Release;
		};
/* End XCConfigurationList section */
	};
	rootObject = 384B478E27F06CEA005A522F /* Project object */;
}
